// !$*UTF8*$!
{
	archiveVersion = 1;
	classes = {
	};
	objectVersion = 46;
	objects = {

/* Begin PBXBuildFile section */
		F5C0C6681BDE70BE0049856F /* main.m in Sources */ = {isa = PBXBuildFile; fileRef = F5C0C6671BDE70BE0049856F /* main.m */; };
		F5C0C66B1BDE70BF0049856F /* AppDelegate.m in Sources */ = {isa = PBXBuildFile; fileRef = F5C0C66A1BDE70BF0049856F /* AppDelegate.m */; };
		F5C0C66E1BDE70BF0049856F /* ViewController.m in Sources */ = {isa = PBXBuildFile; fileRef = F5C0C66D1BDE70BF0049856F /* ViewController.m */; };
		F5C0C6711BDE70BF0049856F /* Main.storyboard in Resources */ = {isa = PBXBuildFile; fileRef = F5C0C66F1BDE70BF0049856F /* Main.storyboard */; };
		F5C0C6731BDE70BF0049856F /* Assets.xcassets in Resources */ = {isa = PBXBuildFile; fileRef = F5C0C6721BDE70BF0049856F /* Assets.xcassets */; };
		F5C0C6761BDE70BF0049856F /* LaunchScreen.storyboard in Resources */ = {isa = PBXBuildFile; fileRef = F5C0C6741BDE70BF0049856F /* LaunchScreen.storyboard */; };
		F5C0C6811BDE70BF0049856F /* _3_button_basicTests.m in Sources */ = {isa = PBXBuildFile; fileRef = F5C0C6801BDE70BF0049856F /* _3_button_basicTests.m */; };
		F5C0C68C1BDE70BF0049856F /* _3_button_basicUITests.m in Sources */ = {isa = PBXBuildFile; fileRef = F5C0C68B1BDE70BF0049856F /* _3_button_basicUITests.m */; };
/* End PBXBuildFile section */

/* Begin PBXContainerItemProxy section */
		F5C0C67D1BDE70BF0049856F /* PBXContainerItemProxy */ = {
			isa = PBXContainerItemProxy;
			containerPortal = F5C0C65B1BDE70BE0049856F /* Project object */;
			proxyType = 1;
			remoteGlobalIDString = F5C0C6621BDE70BE0049856F;
			remoteInfo = 03_button_basic;
		};
		F5C0C6881BDE70BF0049856F /* PBXContainerItemProxy */ = {
			isa = PBXContainerItemProxy;
			containerPortal = F5C0C65B1BDE70BE0049856F /* Project object */;
			proxyType = 1;
			remoteGlobalIDString = F5C0C6621BDE70BE0049856F;
			remoteInfo = 03_button_basic;
		};
/* End PBXContainerItemProxy section */

/* Begin PBXFileReference section */
		F5C0C6631BDE70BE0049856F /* 03_button_basic.app */ = {isa = PBXFileReference; explicitFileType = wrapper.application; includeInIndex = 0; path = 03_button_basic.app; sourceTree = BUILT_PRODUCTS_DIR; };
		F5C0C6671BDE70BE0049856F /* main.m */ = {isa = PBXFileReference; lastKnownFileType = sourcecode.c.objc; path = main.m; sourceTree = "<group>"; };
		F5C0C6691BDE70BF0049856F /* AppDelegate.h */ = {isa = PBXFileReference; lastKnownFileType = sourcecode.c.h; path = AppDelegate.h; sourceTree = "<group>"; };
		F5C0C66A1BDE70BF0049856F /* AppDelegate.m */ = {isa = PBXFileReference; lastKnownFileType = sourcecode.c.objc; path = AppDelegate.m; sourceTree = "<group>"; };
		F5C0C66C1BDE70BF0049856F /* ViewController.h */ = {isa = PBXFileReference; lastKnownFileType = sourcecode.c.h; path = ViewController.h; sourceTree = "<group>"; };
		F5C0C66D1BDE70BF0049856F /* ViewController.m */ = {isa = PBXFileReference; lastKnownFileType = sourcecode.c.objc; path = ViewController.m; sourceTree = "<group>"; };
		F5C0C6701BDE70BF0049856F /* Base */ = {isa = PBXFileReference; lastKnownFileType = file.storyboard; name = Base; path = Base.lproj/Main.storyboard; sourceTree = "<group>"; };
		F5C0C6721BDE70BF0049856F /* Assets.xcassets */ = {isa = PBXFileReference; lastKnownFileType = folder.assetcatalog; path = Assets.xcassets; sourceTree = "<group>"; };
		F5C0C6751BDE70BF0049856F /* Base */ = {isa = PBXFileReference; lastKnownFileType = file.storyboard; name = Base; path = Base.lproj/LaunchScreen.storyboard; sourceTree = "<group>"; };
		F5C0C6771BDE70BF0049856F /* Info.plist */ = {isa = PBXFileReference; lastKnownFileType = text.plist.xml; path = Info.plist; sourceTree = "<group>"; };
		F5C0C67C1BDE70BF0049856F /* 03_button_basicTests.xctest */ = {isa = PBXFileReference; explicitFileType = wrapper.cfbundle; includeInIndex = 0; path = 03_button_basicTests.xctest; sourceTree = BUILT_PRODUCTS_DIR; };
		F5C0C6801BDE70BF0049856F /* _3_button_basicTests.m */ = {isa = PBXFileReference; lastKnownFileType = sourcecode.c.objc; path = _3_button_basicTests.m; sourceTree = "<group>"; };
		F5C0C6821BDE70BF0049856F /* Info.plist */ = {isa = PBXFileReference; lastKnownFileType = text.plist.xml; path = Info.plist; sourceTree = "<group>"; };
		F5C0C6871BDE70BF0049856F /* 03_button_basicUITests.xctest */ = {isa = PBXFileReference; explicitFileType = wrapper.cfbundle; includeInIndex = 0; path = 03_button_basicUITests.xctest; sourceTree = BUILT_PRODUCTS_DIR; };
		F5C0C68B1BDE70BF0049856F /* _3_button_basicUITests.m */ = {isa = PBXFileReference; lastKnownFileType = sourcecode.c.objc; path = _3_button_basicUITests.m; sourceTree = "<group>"; };
		F5C0C68D1BDE70BF0049856F /* Info.plist */ = {isa = PBXFileReference; lastKnownFileType = text.plist.xml; path = Info.plist; sourceTree = "<group>"; };
/* End PBXFileReference section */

/* Begin PBXFrameworksBuildPhase section */
		F5C0C6601BDE70BE0049856F /* Frameworks */ = {
			isa = PBXFrameworksBuildPhase;
			buildActionMask = 2147483647;
			files = (
			);
			runOnlyForDeploymentPostprocessing = 0;
		};
		F5C0C6791BDE70BF0049856F /* Frameworks */ = {
			isa = PBXFrameworksBuildPhase;
			buildActionMask = 2147483647;
			files = (
			);
			runOnlyForDeploymentPostprocessing = 0;
		};
		F5C0C6841BDE70BF0049856F /* Frameworks */ = {
			isa = PBXFrameworksBuildPhase;
			buildActionMask = 2147483647;
			files = (
			);
			runOnlyForDeploymentPostprocessing = 0;
		};
/* End PBXFrameworksBuildPhase section */

/* Begin PBXGroup section */
		F5C0C65A1BDE70BE0049856F = {
			isa = PBXGroup;
			children = (
				F5C0C6651BDE70BE0049856F /* 03_button_basic */,
				F5C0C67F1BDE70BF0049856F /* 03_button_basicTests */,
				F5C0C68A1BDE70BF0049856F /* 03_button_basicUITests */,
				F5C0C6641BDE70BE0049856F /* Products */,
			);
			sourceTree = "<group>";
		};
		F5C0C6641BDE70BE0049856F /* Products */ = {
			isa = PBXGroup;
			children = (
				F5C0C6631BDE70BE0049856F /* 03_button_basic.app */,
				F5C0C67C1BDE70BF0049856F /* 03_button_basicTests.xctest */,
				F5C0C6871BDE70BF0049856F /* 03_button_basicUITests.xctest */,
			);
			name = Products;
			sourceTree = "<group>";
		};
		F5C0C6651BDE70BE0049856F /* 03_button_basic */ = {
			isa = PBXGroup;
			children = (
				F5C0C6691BDE70BF0049856F /* AppDelegate.h */,
				F5C0C66A1BDE70BF0049856F /* AppDelegate.m */,
				F5C0C66C1BDE70BF0049856F /* ViewController.h */,
				F5C0C66D1BDE70BF0049856F /* ViewController.m */,
				F5C0C66F1BDE70BF0049856F /* Main.storyboard */,
				F5C0C6721BDE70BF0049856F /* Assets.xcassets */,
				F5C0C6741BDE70BF0049856F /* LaunchScreen.storyboard */,
				F5C0C6771BDE70BF0049856F /* Info.plist */,
				F5C0C6661BDE70BE0049856F /* Supporting Files */,
			);
			path = 03_button_basic;
			sourceTree = "<group>";
		};
		F5C0C6661BDE70BE0049856F /* Supporting Files */ = {
			isa = PBXGroup;
			children = (
				F5C0C6671BDE70BE0049856F /* main.m */,
			);
			name = "Supporting Files";
			sourceTree = "<group>";
		};
		F5C0C67F1BDE70BF0049856F /* 03_button_basicTests */ = {
			isa = PBXGroup;
			children = (
				F5C0C6801BDE70BF0049856F /* _3_button_basicTests.m */,
				F5C0C6821BDE70BF0049856F /* Info.plist */,
			);
			path = 03_button_basicTests;
			sourceTree = "<group>";
		};
		F5C0C68A1BDE70BF0049856F /* 03_button_basicUITests */ = {
			isa = PBXGroup;
			children = (
				F5C0C68B1BDE70BF0049856F /* _3_button_basicUITests.m */,
				F5C0C68D1BDE70BF0049856F /* Info.plist */,
			);
			path = 03_button_basicUITests;
			sourceTree = "<group>";
		};
/* End PBXGroup section */

/* Begin PBXNativeTarget section */
		F5C0C6621BDE70BE0049856F /* 03_button_basic */ = {
			isa = PBXNativeTarget;
			buildConfigurationList = F5C0C6901BDE70BF0049856F /* Build configuration list for PBXNativeTarget "03_button_basic" */;
			buildPhases = (
				F5C0C65F1BDE70BE0049856F /* Sources */,
				F5C0C6601BDE70BE0049856F /* Frameworks */,
				F5C0C6611BDE70BE0049856F /* Resources */,
			);
			buildRules = (
			);
			dependencies = (
			);
			name = 03_button_basic;
			productName = 03_button_basic;
			productReference = F5C0C6631BDE70BE0049856F /* 03_button_basic.app */;
			productType = "com.apple.product-type.application";
		};
		F5C0C67B1BDE70BF0049856F /* 03_button_basicTests */ = {
			isa = PBXNativeTarget;
			buildConfigurationList = F5C0C6931BDE70BF0049856F /* Build configuration list for PBXNativeTarget "03_button_basicTests" */;
			buildPhases = (
				F5C0C6781BDE70BF0049856F /* Sources */,
				F5C0C6791BDE70BF0049856F /* Frameworks */,
				F5C0C67A1BDE70BF0049856F /* Resources */,
			);
			buildRules = (
			);
			dependencies = (
				F5C0C67E1BDE70BF0049856F /* PBXTargetDependency */,
			);
			name = 03_button_basicTests;
			productName = 03_button_basicTests;
			productReference = F5C0C67C1BDE70BF0049856F /* 03_button_basicTests.xctest */;
			productType = "com.apple.product-type.bundle.unit-test";
		};
		F5C0C6861BDE70BF0049856F /* 03_button_basicUITests */ = {
			isa = PBXNativeTarget;
			buildConfigurationList = F5C0C6961BDE70BF0049856F /* Build configuration list for PBXNativeTarget "03_button_basicUITests" */;
			buildPhases = (
				F5C0C6831BDE70BF0049856F /* Sources */,
				F5C0C6841BDE70BF0049856F /* Frameworks */,
				F5C0C6851BDE70BF0049856F /* Resources */,
			);
			buildRules = (
			);
			dependencies = (
				F5C0C6891BDE70BF0049856F /* PBXTargetDependency */,
			);
			name = 03_button_basicUITests;
			productName = 03_button_basicUITests;
			productReference = F5C0C6871BDE70BF0049856F /* 03_button_basicUITests.xctest */;
			productType = "com.apple.product-type.bundle.ui-testing";
		};
/* End PBXNativeTarget section */

/* Begin PBXProject section */
		F5C0C65B1BDE70BE0049856F /* Project object */ = {
			isa = PBXProject;
			attributes = {
				LastUpgradeCheck = 0710;
				ORGANIZATIONNAME = private;
				TargetAttributes = {
					F5C0C6621BDE70BE0049856F = {
						CreatedOnToolsVersion = 7.1;
						DevelopmentTeam = UP8389U8H4;
					};
					F5C0C67B1BDE70BF0049856F = {
						CreatedOnToolsVersion = 7.1;
						DevelopmentTeam = UP8389U8H4;
						TestTargetID = F5C0C6621BDE70BE0049856F;
					};
					F5C0C6861BDE70BF0049856F = {
						CreatedOnToolsVersion = 7.1;
						DevelopmentTeam = UP8389U8H4;
						TestTargetID = F5C0C6621BDE70BE0049856F;
					};
				};
			};
			buildConfigurationList = F5C0C65E1BDE70BE0049856F /* Build configuration list for PBXProject "03_button_basic" */;
			compatibilityVersion = "Xcode 3.2";
			developmentRegion = English;
			hasScannedForEncodings = 0;
			knownRegions = (
				en,
				Base,
			);
			mainGroup = F5C0C65A1BDE70BE0049856F;
			productRefGroup = F5C0C6641BDE70BE0049856F /* Products */;
			projectDirPath = "";
			projectRoot = "";
			targets = (
				F5C0C6621BDE70BE0049856F /* 03_button_basic */,
				F5C0C67B1BDE70BF0049856F /* 03_button_basicTests */,
				F5C0C6861BDE70BF0049856F /* 03_button_basicUITests */,
			);
		};
/* End PBXProject section */

/* Begin PBXResourcesBuildPhase section */
		F5C0C6611BDE70BE0049856F /* Resources */ = {
			isa = PBXResourcesBuildPhase;
			buildActionMask = 2147483647;
			files = (
				F5C0C6761BDE70BF0049856F /* LaunchScreen.storyboard in Resources */,
				F5C0C6731BDE70BF0049856F /* Assets.xcassets in Resources */,
				F5C0C6711BDE70BF0049856F /* Main.storyboard in Resources */,
			);
			runOnlyForDeploymentPostprocessing = 0;
		};
		F5C0C67A1BDE70BF0049856F /* Resources */ = {
			isa = PBXResourcesBuildPhase;
			buildActionMask = 2147483647;
			files = (
			);
			runOnlyForDeploymentPostprocessing = 0;
		};
		F5C0C6851BDE70BF0049856F /* Resources */ = {
			isa = PBXResourcesBuildPhase;
			buildActionMask = 2147483647;
			files = (
			);
			runOnlyForDeploymentPostprocessing = 0;
		};
/* End PBXResourcesBuildPhase section */

/* Begin PBXSourcesBuildPhase section */
		F5C0C65F1BDE70BE0049856F /* Sources */ = {
			isa = PBXSourcesBuildPhase;
			buildActionMask = 2147483647;
			files = (
				F5C0C66E1BDE70BF0049856F /* ViewController.m in Sources */,
				F5C0C66B1BDE70BF0049856F /* AppDelegate.m in Sources */,
				F5C0C6681BDE70BE0049856F /* main.m in Sources */,
			);
			runOnlyForDeploymentPostprocessing = 0;
		};
		F5C0C6781BDE70BF0049856F /* Sources */ = {
			isa = PBXSourcesBuildPhase;
			buildActionMask = 2147483647;
			files = (
				F5C0C6811BDE70BF0049856F /* _3_button_basicTests.m in Sources */,
			);
			runOnlyForDeploymentPostprocessing = 0;
		};
		F5C0C6831BDE70BF0049856F /* Sources */ = {
			isa = PBXSourcesBuildPhase;
			buildActionMask = 2147483647;
			files = (
				F5C0C68C1BDE70BF0049856F /* _3_button_basicUITests.m in Sources */,
			);
			runOnlyForDeploymentPostprocessing = 0;
		};
/* End PBXSourcesBuildPhase section */

/* Begin PBXTargetDependency section */
		F5C0C67E1BDE70BF0049856F /* PBXTargetDependency */ = {
			isa = PBXTargetDependency;
			target = F5C0C6621BDE70BE0049856F /* 03_button_basic */;
			targetProxy = F5C0C67D1BDE70BF0049856F /* PBXContainerItemProxy */;
		};
		F5C0C6891BDE70BF0049856F /* PBXTargetDependency */ = {
			isa = PBXTargetDependency;
			target = F5C0C6621BDE70BE0049856F /* 03_button_basic */;
			targetProxy = F5C0C6881BDE70BF0049856F /* PBXContainerItemProxy */;
		};
/* End PBXTargetDependency section */

/* Begin PBXVariantGroup section */
		F5C0C66F1BDE70BF0049856F /* Main.storyboard */ = {
			isa = PBXVariantGroup;
			children = (
				F5C0C6701BDE70BF0049856F /* Base */,
			);
			name = Main.storyboard;
			sourceTree = "<group>";
		};
		F5C0C6741BDE70BF0049856F /* LaunchScreen.storyboard */ = {
			isa = PBXVariantGroup;
			children = (
				F5C0C6751BDE70BF0049856F /* Base */,
			);
			name = LaunchScreen.storyboard;
			sourceTree = "<group>";
		};
/* End PBXVariantGroup section */

/* Begin XCBuildConfiguration section */
		F5C0C68E1BDE70BF0049856F /* Debug */ = {
			isa = XCBuildConfiguration;
			buildSettings = {
				ALWAYS_SEARCH_USER_PATHS = NO;
				CLANG_CXX_LANGUAGE_STANDARD = "gnu++0x";
				CLANG_CXX_LIBRARY = "libc++";
				CLANG_ENABLE_MODULES = YES;
				CLANG_ENABLE_OBJC_ARC = YES;
				CLANG_WARN_BOOL_CONVERSION = YES;
				CLANG_WARN_CONSTANT_CONVERSION = YES;
				CLANG_WARN_DIRECT_OBJC_ISA_USAGE = YES_ERROR;
				CLANG_WARN_EMPTY_BODY = YES;
				CLANG_WARN_ENUM_CONVERSION = YES;
				CLANG_WARN_INT_CONVERSION = YES;
				CLANG_WARN_OBJC_ROOT_CLASS = YES_ERROR;
				CLANG_WARN_UNREACHABLE_CODE = YES;
				CLANG_WARN__DUPLICATE_METHOD_MATCH = YES;
				"CODE_SIGN_IDENTITY[sdk=iphoneos*]" = "iPhone Developer";
				COPY_PHASE_STRIP = NO;
				DEBUG_INFORMATION_FORMAT = dwarf;
				ENABLE_STRICT_OBJC_MSGSEND = YES;
				ENABLE_TESTABILITY = YES;
				GCC_C_LANGUAGE_STANDARD = gnu99;
				GCC_DYNAMIC_NO_PIC = NO;
				GCC_NO_COMMON_BLOCKS = YES;
				GCC_OPTIMIZATION_LEVEL = 0;
				GCC_PREPROCESSOR_DEFINITIONS = (
					"DEBUG=1",
					"$(inherited)",
				);
				GCC_WARN_64_TO_32_BIT_CONVERSION = YES;
				GCC_WARN_ABOUT_RETURN_TYPE = YES_ERROR;
				GCC_WARN_UNDECLARED_SELECTOR = YES;
				GCC_WARN_UNINITIALIZED_AUTOS = YES_AGGRESSIVE;
				GCC_WARN_UNUSED_FUNCTION = YES;
				GCC_WARN_UNUSED_VARIABLE = YES;
				IPHONEOS_DEPLOYMENT_TARGET = 9.1;
				MTL_ENABLE_DEBUG_INFO = YES;
				ONLY_ACTIVE_ARCH = YES;
				SDKROOT = iphoneos;
			};
			name = Debug;
		};
		F5C0C68F1BDE70BF0049856F /* Release */ = {
			isa = XCBuildConfiguration;
			buildSettings = {
				ALWAYS_SEARCH_USER_PATHS = NO;
				CLANG_CXX_LANGUAGE_STANDARD = "gnu++0x";
				CLANG_CXX_LIBRARY = "libc++";
				CLANG_ENABLE_MODULES = YES;
				CLANG_ENABLE_OBJC_ARC = YES;
				CLANG_WARN_BOOL_CONVERSION = YES;
				CLANG_WARN_CONSTANT_CONVERSION = YES;
				CLANG_WARN_DIRECT_OBJC_ISA_USAGE = YES_ERROR;
				CLANG_WARN_EMPTY_BODY = YES;
				CLANG_WARN_ENUM_CONVERSION = YES;
				CLANG_WARN_INT_CONVERSION = YES;
				CLANG_WARN_OBJC_ROOT_CLASS = YES_ERROR;
				CLANG_WARN_UNREACHABLE_CODE = YES;
				CLANG_WARN__DUPLICATE_METHOD_MATCH = YES;
				"CODE_SIGN_IDENTITY[sdk=iphoneos*]" = "iPhone Developer";
				COPY_PHASE_STRIP = NO;
				DEBUG_INFORMATION_FORMAT = "dwarf-with-dsym";
				ENABLE_NS_ASSERTIONS = NO;
				ENABLE_STRICT_OBJC_MSGSEND = YES;
				GCC_C_LANGUAGE_STANDARD = gnu99;
				GCC_NO_COMMON_BLOCKS = YES;
				GCC_WARN_64_TO_32_BIT_CONVERSION = YES;
				GCC_WARN_ABOUT_RETURN_TYPE = YES_ERROR;
				GCC_WARN_UNDECLARED_SELECTOR = YES;
				GCC_WARN_UNINITIALIZED_AUTOS = YES_AGGRESSIVE;
				GCC_WARN_UNUSED_FUNCTION = YES;
				GCC_WARN_UNUSED_VARIABLE = YES;
				IPHONEOS_DEPLOYMENT_TARGET = 9.1;
				MTL_ENABLE_DEBUG_INFO = NO;
				SDKROOT = iphoneos;
				VALIDATE_PRODUCT = YES;
			};
			name = Release;
		};
		F5C0C6911BDE70BF0049856F /* Debug */ = {
			isa = XCBuildConfiguration;
			buildSettings = {
				ASSETCATALOG_COMPILER_APPICON_NAME = AppIcon;
				INFOPLIST_FILE = 03_button_basic/Info.plist;
				IPHONEOS_DEPLOYMENT_TARGET = 8.0;
				LD_RUNPATH_SEARCH_PATHS = "$(inherited) @executable_path/Frameworks";
				PRODUCT_BUNDLE_IDENTIFIER = "darrendu.-3-button-basic";
				PRODUCT_NAME = "$(TARGET_NAME)";
			};
			name = Debug;
		};
		F5C0C6921BDE70BF0049856F /* Release */ = {
			isa = XCBuildConfiguration;
			buildSettings = {
				ASSETCATALOG_COMPILER_APPICON_NAME = AppIcon;
				INFOPLIST_FILE = 03_button_basic/Info.plist;
				IPHONEOS_DEPLOYMENT_TARGET = 8.0;
				LD_RUNPATH_SEARCH_PATHS = "$(inherited) @executable_path/Frameworks";
				PRODUCT_BUNDLE_IDENTIFIER = "darrendu.-3-button-basic";
				PRODUCT_NAME = "$(TARGET_NAME)";
			};
			name = Release;
		};
		F5C0C6941BDE70BF0049856F /* Debug */ = {
			isa = XCBuildConfiguration;
			buildSettings = {
				BUNDLE_LOADER = "$(TEST_HOST)";
				INFOPLIST_FILE = 03_button_basicTests/Info.plist;
				LD_RUNPATH_SEARCH_PATHS = "$(inherited) @executable_path/Frameworks @loader_path/Frameworks";
				PRODUCT_BUNDLE_IDENTIFIER = "darrendu.-3-button-basicTests";
				PRODUCT_NAME = "$(TARGET_NAME)";
				TEST_HOST = "$(BUILT_PRODUCTS_DIR)/03_button_basic.app/03_button_basic";
			};
			name = Debug;
		};
		F5C0C6951BDE70BF0049856F /* Release */ = {
			isa = XCBuildConfiguration;
			buildSettings = {
				BUNDLE_LOADER = "$(TEST_HOST)";
				INFOPLIST_FILE = 03_button_basicTests/Info.plist;
				LD_RUNPATH_SEARCH_PATHS = "$(inherited) @executable_path/Frameworks @loader_path/Frameworks";
				PRODUCT_BUNDLE_IDENTIFIER = "darrendu.-3-button-basicTests";
				PRODUCT_NAME = "$(TARGET_NAME)";
				TEST_HOST = "$(BUILT_PRODUCTS_DIR)/03_button_basic.app/03_button_basic";
			};
			name = Release;
		};
		F5C0C6971BDE70BF0049856F /* Debug */ = {
			isa = XCBuildConfiguration;
			buildSettings = {
				INFOPLIST_FILE = 03_button_basicUITests/Info.plist;
				LD_RUNPATH_SEARCH_PATHS = "$(inherited) @executable_path/Frameworks @loader_path/Frameworks";
				PRODUCT_BUNDLE_IDENTIFIER = "darrendu.-3-button-basicUITests";
				PRODUCT_NAME = "$(TARGET_NAME)";
				TEST_TARGET_NAME = 03_button_basic;
				USES_XCTRUNNER = YES;
			};
			name = Debug;
		};
		F5C0C6981BDE70BF0049856F /* Release */ = {
			isa = XCBuildConfiguration;
			buildSettings = {
				INFOPLIST_FILE = 03_button_basicUITests/Info.plist;
				LD_RUNPATH_SEARCH_PATHS = "$(inherited) @executable_path/Frameworks @loader_path/Frameworks";
				PRODUCT_BUNDLE_IDENTIFIER = "darrendu.-3-button-basicUITests";
				PRODUCT_NAME = "$(TARGET_NAME)";
				TEST_TARGET_NAME = 03_button_basic;
				USES_XCTRUNNER = YES;
			};
			name = Release;
		};
/* End XCBuildConfiguration section */

/* Begin XCConfigurationList section */
		F5C0C65E1BDE70BE0049856F /* Build configuration list for PBXProject "03_button_basic" */ = {
			isa = XCConfigurationList;
			buildConfigurations = (
				F5C0C68E1BDE70BF0049856F /* Debug */,
				F5C0C68F1BDE70BF0049856F /* Release */,
			);
			defaultConfigurationIsVisible = 0;
			defaultConfigurationName = Release;
		};
		F5C0C6901BDE70BF0049856F /* Build configuration list for PBXNativeTarget "03_button_basic" */ = {
			isa = XCConfigurationList;
			buildConfigurations = (
				F5C0C6911BDE70BF0049856F /* Debug */,
				F5C0C6921BDE70BF0049856F /* Release */,
			);
			defaultConfigurationIsVisible = 0;
			defaultConfigurationName = Release;
		};
		F5C0C6931BDE70BF0049856F /* Build configuration list for PBXNativeTarget "03_button_basicTests" */ = {
			isa = XCConfigurationList;
			buildConfigurations = (
				F5C0C6941BDE70BF0049856F /* Debug */,
				F5C0C6951BDE70BF0049856F /* Release */,
			);
			defaultConfigurationIsVisible = 0;
			defaultConfigurationName = Release;
		};
		F5C0C6961BDE70BF0049856F /* Build configuration list for PBXNativeTarget "03_button_basicUITests" */ = {
			isa = XCConfigurationList;
			buildConfigurations = (
				F5C0C6971BDE70BF0049856F /* Debug */,
				F5C0C6981BDE70BF0049856F /* Release */,
			);
			defaultConfigurationIsVisible = 0;
			defaultConfigurationName = Release;
		};
/* End XCConfigurationList section */
	};
	rootObject = F5C0C65B1BDE70BE0049856F /* Project object */;
}
