// !$*UTF8*$!
{
	archiveVersion = 1;
	classes = {
	};
	objectVersion = 46;
	objects = {

/* Begin PBXBuildFile section */
		F5A4940B1BDFB0D300D6670C /* main.m in Sources */ = {isa = PBXBuildFile; fileRef = F5A4940A1BDFB0D300D6670C /* main.m */; };
		F5A4940E1BDFB0D300D6670C /* AppDelegate.m in Sources */ = {isa = PBXBuildFile; fileRef = F5A4940D1BDFB0D300D6670C /* AppDelegate.m */; };
		F5A494111BDFB0D300D6670C /* ViewController.m in Sources */ = {isa = PBXBuildFile; fileRef = F5A494101BDFB0D300D6670C /* ViewController.m */; };
		F5A494141BDFB0D300D6670C /* Main.storyboard in Resources */ = {isa = PBXBuildFile; fileRef = F5A494121BDFB0D300D6670C /* Main.storyboard */; };
		F5A494161BDFB0D300D6670C /* Assets.xcassets in Resources */ = {isa = PBXBuildFile; fileRef = F5A494151BDFB0D300D6670C /* Assets.xcassets */; };
		F5A494191BDFB0D300D6670C /* LaunchScreen.storyboard in Resources */ = {isa = PBXBuildFile; fileRef = F5A494171BDFB0D300D6670C /* LaunchScreen.storyboard */; };
		F5A494241BDFB0D300D6670C /* _4_button_introduction_optimizeTests.m in Sources */ = {isa = PBXBuildFile; fileRef = F5A494231BDFB0D300D6670C /* _4_button_introduction_optimizeTests.m */; };
		F5A4942F1BDFB0D300D6670C /* _4_button_introduction_optimizeUITests.m in Sources */ = {isa = PBXBuildFile; fileRef = F5A4942E1BDFB0D300D6670C /* _4_button_introduction_optimizeUITests.m */; };
/* End PBXBuildFile section */

/* Begin PBXContainerItemProxy section */
		F5A494201BDFB0D300D6670C /* PBXContainerItemProxy */ = {
			isa = PBXContainerItemProxy;
			containerPortal = F5A493FE1BDFB0D300D6670C /* Project object */;
			proxyType = 1;
			remoteGlobalIDString = F5A494051BDFB0D300D6670C;
			remoteInfo = 04_button_introduction_optimize;
		};
		F5A4942B1BDFB0D300D6670C /* PBXContainerItemProxy */ = {
			isa = PBXContainerItemProxy;
			containerPortal = F5A493FE1BDFB0D300D6670C /* Project object */;
			proxyType = 1;
			remoteGlobalIDString = F5A494051BDFB0D300D6670C;
			remoteInfo = 04_button_introduction_optimize;
		};
/* End PBXContainerItemProxy section */

/* Begin PBXFileReference section */
		F5A494061BDFB0D300D6670C /* 04_button_introduction_optimize.app */ = {isa = PBXFileReference; explicitFileType = wrapper.application; includeInIndex = 0; path = 04_button_introduction_optimize.app; sourceTree = BUILT_PRODUCTS_DIR; };
		F5A4940A1BDFB0D300D6670C /* main.m */ = {isa = PBXFileReference; lastKnownFileType = sourcecode.c.objc; path = main.m; sourceTree = "<group>"; };
		F5A4940C1BDFB0D300D6670C /* AppDelegate.h */ = {isa = PBXFileReference; lastKnownFileType = sourcecode.c.h; path = AppDelegate.h; sourceTree = "<group>"; };
		F5A4940D1BDFB0D300D6670C /* AppDelegate.m */ = {isa = PBXFileReference; lastKnownFileType = sourcecode.c.objc; path = AppDelegate.m; sourceTree = "<group>"; };
		F5A4940F1BDFB0D300D6670C /* ViewController.h */ = {isa = PBXFileReference; lastKnownFileType = sourcecode.c.h; path = ViewController.h; sourceTree = "<group>"; };
		F5A494101BDFB0D300D6670C /* ViewController.m */ = {isa = PBXFileReference; lastKnownFileType = sourcecode.c.objc; path = ViewController.m; sourceTree = "<group>"; };
		F5A494131BDFB0D300D6670C /* Base */ = {isa = PBXFileReference; lastKnownFileType = file.storyboard; name = Base; path = Base.lproj/Main.storyboard; sourceTree = "<group>"; };
		F5A494151BDFB0D300D6670C /* Assets.xcassets */ = {isa = PBXFileReference; lastKnownFileType = folder.assetcatalog; path = Assets.xcassets; sourceTree = "<group>"; };
		F5A494181BDFB0D300D6670C /* Base */ = {isa = PBXFileReference; lastKnownFileType = file.storyboard; name = Base; path = Base.lproj/LaunchScreen.storyboard; sourceTree = "<group>"; };
		F5A4941A1BDFB0D300D6670C /* Info.plist */ = {isa = PBXFileReference; lastKnownFileType = text.plist.xml; path = Info.plist; sourceTree = "<group>"; };
		F5A4941F1BDFB0D300D6670C /* 04_button_introduction_optimizeTests.xctest */ = {isa = PBXFileReference; explicitFileType = wrapper.cfbundle; includeInIndex = 0; path = 04_button_introduction_optimizeTests.xctest; sourceTree = BUILT_PRODUCTS_DIR; };
		F5A494231BDFB0D300D6670C /* _4_button_introduction_optimizeTests.m */ = {isa = PBXFileReference; lastKnownFileType = sourcecode.c.objc; path = _4_button_introduction_optimizeTests.m; sourceTree = "<group>"; };
		F5A494251BDFB0D300D6670C /* Info.plist */ = {isa = PBXFileReference; lastKnownFileType = text.plist.xml; path = Info.plist; sourceTree = "<group>"; };
		F5A4942A1BDFB0D300D6670C /* 04_button_introduction_optimizeUITests.xctest */ = {isa = PBXFileReference; explicitFileType = wrapper.cfbundle; includeInIndex = 0; path = 04_button_introduction_optimizeUITests.xctest; sourceTree = BUILT_PRODUCTS_DIR; };
		F5A4942E1BDFB0D300D6670C /* _4_button_introduction_optimizeUITests.m */ = {isa = PBXFileReference; lastKnownFileType = sourcecode.c.objc; path = _4_button_introduction_optimizeUITests.m; sourceTree = "<group>"; };
		F5A494301BDFB0D300D6670C /* Info.plist */ = {isa = PBXFileReference; lastKnownFileType = text.plist.xml; path = Info.plist; sourceTree = "<group>"; };
/* End PBXFileReference section */

/* Begin PBXFrameworksBuildPhase section */
		F5A494031BDFB0D300D6670C /* Frameworks */ = {
			isa = PBXFrameworksBuildPhase;
			buildActionMask = 2147483647;
			files = (
			);
			runOnlyForDeploymentPostprocessing = 0;
		};
		F5A4941C1BDFB0D300D6670C /* Frameworks */ = {
			isa = PBXFrameworksBuildPhase;
			buildActionMask = 2147483647;
			files = (
			);
			runOnlyForDeploymentPostprocessing = 0;
		};
		F5A494271BDFB0D300D6670C /* Frameworks */ = {
			isa = PBXFrameworksBuildPhase;
			buildActionMask = 2147483647;
			files = (
			);
			runOnlyForDeploymentPostprocessing = 0;
		};
/* End PBXFrameworksBuildPhase section */

/* Begin PBXGroup section */
		F5A493FD1BDFB0D300D6670C = {
			isa = PBXGroup;
			children = (
				F5A494081BDFB0D300D6670C /* 04_button_introduction_optimize */,
				F5A494221BDFB0D300D6670C /* 04_button_introduction_optimizeTests */,
				F5A4942D1BDFB0D300D6670C /* 04_button_introduction_optimizeUITests */,
				F5A494071BDFB0D300D6670C /* Products */,
			);
			sourceTree = "<group>";
		};
		F5A494071BDFB0D300D6670C /* Products */ = {
			isa = PBXGroup;
			children = (
				F5A494061BDFB0D300D6670C /* 04_button_introduction_optimize.app */,
				F5A4941F1BDFB0D300D6670C /* 04_button_introduction_optimizeTests.xctest */,
				F5A4942A1BDFB0D300D6670C /* 04_button_introduction_optimizeUITests.xctest */,
			);
			name = Products;
			sourceTree = "<group>";
		};
		F5A494081BDFB0D300D6670C /* 04_button_introduction_optimize */ = {
			isa = PBXGroup;
			children = (
				F5A4940C1BDFB0D300D6670C /* AppDelegate.h */,
				F5A4940D1BDFB0D300D6670C /* AppDelegate.m */,
				F5A4940F1BDFB0D300D6670C /* ViewController.h */,
				F5A494101BDFB0D300D6670C /* ViewController.m */,
				F5A494121BDFB0D300D6670C /* Main.storyboard */,
				F5A494151BDFB0D300D6670C /* Assets.xcassets */,
				F5A494171BDFB0D300D6670C /* LaunchScreen.storyboard */,
				F5A4941A1BDFB0D300D6670C /* Info.plist */,
				F5A494091BDFB0D300D6670C /* Supporting Files */,
			);
			path = 04_button_introduction_optimize;
			sourceTree = "<group>";
		};
		F5A494091BDFB0D300D6670C /* Supporting Files */ = {
			isa = PBXGroup;
			children = (
				F5A4940A1BDFB0D300D6670C /* main.m */,
			);
			name = "Supporting Files";
			sourceTree = "<group>";
		};
		F5A494221BDFB0D300D6670C /* 04_button_introduction_optimizeTests */ = {
			isa = PBXGroup;
			children = (
				F5A494231BDFB0D300D6670C /* _4_button_introduction_optimizeTests.m */,
				F5A494251BDFB0D300D6670C /* Info.plist */,
			);
			path = 04_button_introduction_optimizeTests;
			sourceTree = "<group>";
		};
		F5A4942D1BDFB0D300D6670C /* 04_button_introduction_optimizeUITests */ = {
			isa = PBXGroup;
			children = (
				F5A4942E1BDFB0D300D6670C /* _4_button_introduction_optimizeUITests.m */,
				F5A494301BDFB0D300D6670C /* Info.plist */,
			);
			path = 04_button_introduction_optimizeUITests;
			sourceTree = "<group>";
		};
/* End PBXGroup section */

/* Begin PBXNativeTarget section */
		F5A494051BDFB0D300D6670C /* 04_button_introduction_optimize */ = {
			isa = PBXNativeTarget;
			buildConfigurationList = F5A494331BDFB0D300D6670C /* Build configuration list for PBXNativeTarget "04_button_introduction_optimize" */;
			buildPhases = (
				F5A494021BDFB0D300D6670C /* Sources */,
				F5A494031BDFB0D300D6670C /* Frameworks */,
				F5A494041BDFB0D300D6670C /* Resources */,
			);
			buildRules = (
			);
			dependencies = (
			);
			name = 04_button_introduction_optimize;
			productName = 04_button_introduction_optimize;
			productReference = F5A494061BDFB0D300D6670C /* 04_button_introduction_optimize.app */;
			productType = "com.apple.product-type.application";
		};
		F5A4941E1BDFB0D300D6670C /* 04_button_introduction_optimizeTests */ = {
			isa = PBXNativeTarget;
			buildConfigurationList = F5A494361BDFB0D300D6670C /* Build configuration list for PBXNativeTarget "04_button_introduction_optimizeTests" */;
			buildPhases = (
				F5A4941B1BDFB0D300D6670C /* Sources */,
				F5A4941C1BDFB0D300D6670C /* Frameworks */,
				F5A4941D1BDFB0D300D6670C /* Resources */,
			);
			buildRules = (
			);
			dependencies = (
				F5A494211BDFB0D300D6670C /* PBXTargetDependency */,
			);
			name = 04_button_introduction_optimizeTests;
			productName = 04_button_introduction_optimizeTests;
			productReference = F5A4941F1BDFB0D300D6670C /* 04_button_introduction_optimizeTests.xctest */;
			productType = "com.apple.product-type.bundle.unit-test";
		};
		F5A494291BDFB0D300D6670C /* 04_button_introduction_optimizeUITests */ = {
			isa = PBXNativeTarget;
			buildConfigurationList = F5A494391BDFB0D300D6670C /* Build configuration list for PBXNativeTarget "04_button_introduction_optimizeUITests" */;
			buildPhases = (
				F5A494261BDFB0D300D6670C /* Sources */,
				F5A494271BDFB0D300D6670C /* Frameworks */,
				F5A494281BDFB0D300D6670C /* Resources */,
			);
			buildRules = (
			);
			dependencies = (
				F5A4942C1BDFB0D300D6670C /* PBXTargetDependency */,
			);
			name = 04_button_introduction_optimizeUITests;
			productName = 04_button_introduction_optimizeUITests;
			productReference = F5A4942A1BDFB0D300D6670C /* 04_button_introduction_optimizeUITests.xctest */;
			productType = "com.apple.product-type.bundle.ui-testing";
		};
/* End PBXNativeTarget section */

/* Begin PBXProject section */
		F5A493FE1BDFB0D300D6670C /* Project object */ = {
			isa = PBXProject;
			attributes = {
				LastUpgradeCheck = 0710;
				ORGANIZATIONNAME = private;
				TargetAttributes = {
					F5A494051BDFB0D300D6670C = {
						CreatedOnToolsVersion = 7.1;
						DevelopmentTeam = UP8389U8H4;
					};
					F5A4941E1BDFB0D300D6670C = {
						CreatedOnToolsVersion = 7.1;
						DevelopmentTeam = UP8389U8H4;
						TestTargetID = F5A494051BDFB0D300D6670C;
					};
					F5A494291BDFB0D300D6670C = {
						CreatedOnToolsVersion = 7.1;
						DevelopmentTeam = UP8389U8H4;
						TestTargetID = F5A494051BDFB0D300D6670C;
					};
				};
			};
			buildConfigurationList = F5A494011BDFB0D300D6670C /* Build configuration list for PBXProject "04_button_introduction_optimize" */;
			compatibilityVersion = "Xcode 3.2";
			developmentRegion = English;
			hasScannedForEncodings = 0;
			knownRegions = (
				en,
				Base,
			);
			mainGroup = F5A493FD1BDFB0D300D6670C;
			productRefGroup = F5A494071BDFB0D300D6670C /* Products */;
			projectDirPath = "";
			projectRoot = "";
			targets = (
				F5A494051BDFB0D300D6670C /* 04_button_introduction_optimize */,
				F5A4941E1BDFB0D300D6670C /* 04_button_introduction_optimizeTests */,
				F5A494291BDFB0D300D6670C /* 04_button_introduction_optimizeUITests */,
			);
		};
/* End PBXProject section */

/* Begin PBXResourcesBuildPhase section */
		F5A494041BDFB0D300D6670C /* Resources */ = {
			isa = PBXResourcesBuildPhase;
			buildActionMask = 2147483647;
			files = (
				F5A494191BDFB0D300D6670C /* LaunchScreen.storyboard in Resources */,
				F5A494161BDFB0D300D6670C /* Assets.xcassets in Resources */,
				F5A494141BDFB0D300D6670C /* Main.storyboard in Resources */,
			);
			runOnlyForDeploymentPostprocessing = 0;
		};
		F5A4941D1BDFB0D300D6670C /* Resources */ = {
			isa = PBXResourcesBuildPhase;
			buildActionMask = 2147483647;
			files = (
			);
			runOnlyForDeploymentPostprocessing = 0;
		};
		F5A494281BDFB0D300D6670C /* Resources */ = {
			isa = PBXResourcesBuildPhase;
			buildActionMask = 2147483647;
			files = (
			);
			runOnlyForDeploymentPostprocessing = 0;
		};
/* End PBXResourcesBuildPhase section */

/* Begin PBXSourcesBuildPhase section */
		F5A494021BDFB0D300D6670C /* Sources */ = {
			isa = PBXSourcesBuildPhase;
			buildActionMask = 2147483647;
			files = (
				F5A494111BDFB0D300D6670C /* ViewController.m in Sources */,
				F5A4940E1BDFB0D300D6670C /* AppDelegate.m in Sources */,
				F5A4940B1BDFB0D300D6670C /* main.m in Sources */,
			);
			runOnlyForDeploymentPostprocessing = 0;
		};
		F5A4941B1BDFB0D300D6670C /* Sources */ = {
			isa = PBXSourcesBuildPhase;
			buildActionMask = 2147483647;
			files = (
				F5A494241BDFB0D300D6670C /* _4_button_introduction_optimizeTests.m in Sources */,
			);
			runOnlyForDeploymentPostprocessing = 0;
		};
		F5A494261BDFB0D300D6670C /* Sources */ = {
			isa = PBXSourcesBuildPhase;
			buildActionMask = 2147483647;
			files = (
				F5A4942F1BDFB0D300D6670C /* _4_button_introduction_optimizeUITests.m in Sources */,
			);
			runOnlyForDeploymentPostprocessing = 0;
		};
/* End PBXSourcesBuildPhase section */

/* Begin PBXTargetDependency section */
		F5A494211BDFB0D300D6670C /* PBXTargetDependency */ = {
			isa = PBXTargetDependency;
			target = F5A494051BDFB0D300D6670C /* 04_button_introduction_optimize */;
			targetProxy = F5A494201BDFB0D300D6670C /* PBXContainerItemProxy */;
		};
		F5A4942C1BDFB0D300D6670C /* PBXTargetDependency */ = {
			isa = PBXTargetDependency;
			target = F5A494051BDFB0D300D6670C /* 04_button_introduction_optimize */;
			targetProxy = F5A4942B1BDFB0D300D6670C /* PBXContainerItemProxy */;
		};
/* End PBXTargetDependency section */

/* Begin PBXVariantGroup section */
		F5A494121BDFB0D300D6670C /* Main.storyboard */ = {
			isa = PBXVariantGroup;
			children = (
				F5A494131BDFB0D300D6670C /* Base */,
			);
			name = Main.storyboard;
			sourceTree = "<group>";
		};
		F5A494171BDFB0D300D6670C /* LaunchScreen.storyboard */ = {
			isa = PBXVariantGroup;
			children = (
				F5A494181BDFB0D300D6670C /* Base */,
			);
			name = LaunchScreen.storyboard;
			sourceTree = "<group>";
		};
/* End PBXVariantGroup section */

/* Begin XCBuildConfiguration section */
		F5A494311BDFB0D300D6670C /* Debug */ = {
			isa = XCBuildConfiguration;
			buildSettings = {
				ALWAYS_SEARCH_USER_PATHS = NO;
				CLANG_CXX_LANGUAGE_STANDARD = "gnu++0x";
				CLANG_CXX_LIBRARY = "libc++";
				CLANG_ENABLE_MODULES = YES;
				CLANG_ENABLE_OBJC_ARC = YES;
				CLANG_WARN_BOOL_CONVERSION = YES;
				CLANG_WARN_CONSTANT_CONVERSION = YES;
				CLANG_WARN_DIRECT_OBJC_ISA_USAGE = YES_ERROR;
				CLANG_WARN_EMPTY_BODY = YES;
				CLANG_WARN_ENUM_CONVERSION = YES;
				CLANG_WARN_INT_CONVERSION = YES;
				CLANG_WARN_OBJC_ROOT_CLASS = YES_ERROR;
				CLANG_WARN_UNREACHABLE_CODE = YES;
				CLANG_WARN__DUPLICATE_METHOD_MATCH = YES;
				"CODE_SIGN_IDENTITY[sdk=iphoneos*]" = "iPhone Developer";
				COPY_PHASE_STRIP = NO;
				DEBUG_INFORMATION_FORMAT = dwarf;
				ENABLE_STRICT_OBJC_MSGSEND = YES;
				ENABLE_TESTABILITY = YES;
				GCC_C_LANGUAGE_STANDARD = gnu99;
				GCC_DYNAMIC_NO_PIC = NO;
				GCC_NO_COMMON_BLOCKS = YES;
				GCC_OPTIMIZATION_LEVEL = 0;
				GCC_PREPROCESSOR_DEFINITIONS = (
					"DEBUG=1",
					"$(inherited)",
				);
				GCC_WARN_64_TO_32_BIT_CONVERSION = YES;
				GCC_WARN_ABOUT_RETURN_TYPE = YES_ERROR;
				GCC_WARN_UNDECLARED_SELECTOR = YES;
				GCC_WARN_UNINITIALIZED_AUTOS = YES_AGGRESSIVE;
				GCC_WARN_UNUSED_FUNCTION = YES;
				GCC_WARN_UNUSED_VARIABLE = YES;
				IPHONEOS_DEPLOYMENT_TARGET = 9.1;
				MTL_ENABLE_DEBUG_INFO = YES;
				ONLY_ACTIVE_ARCH = YES;
				SDKROOT = iphoneos;
			};
			name = Debug;
		};
		F5A494321BDFB0D300D6670C /* Release */ = {
			isa = XCBuildConfiguration;
			buildSettings = {
				ALWAYS_SEARCH_USER_PATHS = NO;
				CLANG_CXX_LANGUAGE_STANDARD = "gnu++0x";
				CLANG_CXX_LIBRARY = "libc++";
				CLANG_ENABLE_MODULES = YES;
				CLANG_ENABLE_OBJC_ARC = YES;
				CLANG_WARN_BOOL_CONVERSION = YES;
				CLANG_WARN_CONSTANT_CONVERSION = YES;
				CLANG_WARN_DIRECT_OBJC_ISA_USAGE = YES_ERROR;
				CLANG_WARN_EMPTY_BODY = YES;
				CLANG_WARN_ENUM_CONVERSION = YES;
				CLANG_WARN_INT_CONVERSION = YES;
				CLANG_WARN_OBJC_ROOT_CLASS = YES_ERROR;
				CLANG_WARN_UNREACHABLE_CODE = YES;
				CLANG_WARN__DUPLICATE_METHOD_MATCH = YES;
				"CODE_SIGN_IDENTITY[sdk=iphoneos*]" = "iPhone Developer";
				COPY_PHASE_STRIP = NO;
				DEBUG_INFORMATION_FORMAT = "dwarf-with-dsym";
				ENABLE_NS_ASSERTIONS = NO;
				ENABLE_STRICT_OBJC_MSGSEND = YES;
				GCC_C_LANGUAGE_STANDARD = gnu99;
				GCC_NO_COMMON_BLOCKS = YES;
				GCC_WARN_64_TO_32_BIT_CONVERSION = YES;
				GCC_WARN_ABOUT_RETURN_TYPE = YES_ERROR;
				GCC_WARN_UNDECLARED_SELECTOR = YES;
				GCC_WARN_UNINITIALIZED_AUTOS = YES_AGGRESSIVE;
				GCC_WARN_UNUSED_FUNCTION = YES;
				GCC_WARN_UNUSED_VARIABLE = YES;
				IPHONEOS_DEPLOYMENT_TARGET = 9.1;
				MTL_ENABLE_DEBUG_INFO = NO;
				SDKROOT = iphoneos;
				VALIDATE_PRODUCT = YES;
			};
			name = Release;
		};
		F5A494341BDFB0D300D6670C /* Debug */ = {
			isa = XCBuildConfiguration;
			buildSettings = {
				ASSETCATALOG_COMPILER_APPICON_NAME = AppIcon;
				INFOPLIST_FILE = 04_button_introduction_optimize/Info.plist;
				LD_RUNPATH_SEARCH_PATHS = "$(inherited) @executable_path/Frameworks";
				PRODUCT_BUNDLE_IDENTIFIER = "darrendu.-4-button-introduction-optimize";
				PRODUCT_NAME = "$(TARGET_NAME)";
			};
			name = Debug;
		};
		F5A494351BDFB0D300D6670C /* Release */ = {
			isa = XCBuildConfiguration;
			buildSettings = {
				ASSETCATALOG_COMPILER_APPICON_NAME = AppIcon;
				INFOPLIST_FILE = 04_button_introduction_optimize/Info.plist;
				LD_RUNPATH_SEARCH_PATHS = "$(inherited) @executable_path/Frameworks";
				PRODUCT_BUNDLE_IDENTIFIER = "darrendu.-4-button-introduction-optimize";
				PRODUCT_NAME = "$(TARGET_NAME)";
			};
			name = Release;
		};
		F5A494371BDFB0D300D6670C /* Debug */ = {
			isa = XCBuildConfiguration;
			buildSettings = {
				BUNDLE_LOADER = "$(TEST_HOST)";
				INFOPLIST_FILE = 04_button_introduction_optimizeTests/Info.plist;
				LD_RUNPATH_SEARCH_PATHS = "$(inherited) @executable_path/Frameworks @loader_path/Frameworks";
				PRODUCT_BUNDLE_IDENTIFIER = "darrendu.-4-button-introduction-optimizeTests";
				PRODUCT_NAME = "$(TARGET_NAME)";
				TEST_HOST = "$(BUILT_PRODUCTS_DIR)/04_button_introduction_optimize.app/04_button_introduction_optimize";
			};
			name = Debug;
		};
		F5A494381BDFB0D300D6670C /* Release */ = {
			isa = XCBuildConfiguration;
			buildSettings = {
				BUNDLE_LOADER = "$(TEST_HOST)";
				INFOPLIST_FILE = 04_button_introduction_optimizeTests/Info.plist;
				LD_RUNPATH_SEARCH_PATHS = "$(inherited) @executable_path/Frameworks @loader_path/Frameworks";
				PRODUCT_BUNDLE_IDENTIFIER = "darrendu.-4-button-introduction-optimizeTests";
				PRODUCT_NAME = "$(TARGET_NAME)";
				TEST_HOST = "$(BUILT_PRODUCTS_DIR)/04_button_introduction_optimize.app/04_button_introduction_optimize";
			};
			name = Release;
		};
		F5A4943A1BDFB0D300D6670C /* Debug */ = {
			isa = XCBuildConfiguration;
			buildSettings = {
				INFOPLIST_FILE = 04_button_introduction_optimizeUITests/Info.plist;
				LD_RUNPATH_SEARCH_PATHS = "$(inherited) @executable_path/Frameworks @loader_path/Frameworks";
				PRODUCT_BUNDLE_IDENTIFIER = "darrendu.-4-button-introduction-optimizeUITests";
				PRODUCT_NAME = "$(TARGET_NAME)";
				TEST_TARGET_NAME = 04_button_introduction_optimize;
				USES_XCTRUNNER = YES;
			};
			name = Debug;
		};
		F5A4943B1BDFB0D300D6670C /* Release */ = {
			isa = XCBuildConfiguration;
			buildSettings = {
				INFOPLIST_FILE = 04_button_introduction_optimizeUITests/Info.plist;
				LD_RUNPATH_SEARCH_PATHS = "$(inherited) @executable_path/Frameworks @loader_path/Frameworks";
				PRODUCT_BUNDLE_IDENTIFIER = "darrendu.-4-button-introduction-optimizeUITests";
				PRODUCT_NAME = "$(TARGET_NAME)";
				TEST_TARGET_NAME = 04_button_introduction_optimize;
				USES_XCTRUNNER = YES;
			};
			name = Release;
		};
/* End XCBuildConfiguration section */

/* Begin XCConfigurationList section */
		F5A494011BDFB0D300D6670C /* Build configuration list for PBXProject "04_button_introduction_optimize" */ = {
			isa = XCConfigurationList;
			buildConfigurations = (
				F5A494311BDFB0D300D6670C /* Debug */,
				F5A494321BDFB0D300D6670C /* Release */,
			);
			defaultConfigurationIsVisible = 0;
			defaultConfigurationName = Release;
		};
		F5A494331BDFB0D300D6670C /* Build configuration list for PBXNativeTarget "04_button_introduction_optimize" */ = {
			isa = XCConfigurationList;
			buildConfigurations = (
				F5A494341BDFB0D300D6670C /* Debug */,
				F5A494351BDFB0D300D6670C /* Release */,
			);
			defaultConfigurationIsVisible = 0;
		};
		F5A494361BDFB0D300D6670C /* Build configuration list for PBXNativeTarget "04_button_introduction_optimizeTests" */ = {
			isa = XCConfigurationList;
			buildConfigurations = (
				F5A494371BDFB0D300D6670C /* Debug */,
				F5A494381BDFB0D300D6670C /* Release */,
			);
			defaultConfigurationIsVisible = 0;
		};
		F5A494391BDFB0D300D6670C /* Build configuration list for PBXNativeTarget "04_button_introduction_optimizeUITests" */ = {
			isa = XCConfigurationList;
			buildConfigurations = (
				F5A4943A1BDFB0D300D6670C /* Debug */,
				F5A4943B1BDFB0D300D6670C /* Release */,
			);
			defaultConfigurationIsVisible = 0;
		};
/* End XCConfigurationList section */
	};
	rootObject = F5A493FE1BDFB0D300D6670C /* Project object */;
}
